// !$*UTF8*$!
{
	archiveVersion = 1;
	classes = {
	};
	objectVersion = 48;
	objects = {

/* Begin PBXBuildFile section */
		672F39B32044811800780083 /* Util.cpp in Sources */ = {isa = PBXBuildFile; fileRef = 672F39B12044811800780083 /* Util.cpp */; };
		672F39B62044ACC100780083 /* MetaException.cpp in Sources */ = {isa = PBXBuildFile; fileRef = 672F39B42044ACC100780083 /* MetaException.cpp */; };
		67A0308F202D976A0048995D /* main.cpp in Sources */ = {isa = PBXBuildFile; fileRef = 67A0308E202D976A0048995D /* main.cpp */; };
		67BAC0FF203513E00066E15B /* XmlLexicalParser.cpp in Sources */ = {isa = PBXBuildFile; fileRef = 67BAC0FD203513E00066E15B /* XmlLexicalParser.cpp */; };
/* End PBXBuildFile section */

/* Begin PBXCopyFilesBuildPhase section */
		67A03089202D976A0048995D /* CopyFiles */ = {
			isa = PBXCopyFilesBuildPhase;
			buildActionMask = 2147483647;
			dstPath = /usr/share/man/man1/;
			dstSubfolderSpec = 0;
			files = (
			);
			runOnlyForDeploymentPostprocessing = 1;
		};
/* End PBXCopyFilesBuildPhase section */

/* Begin PBXFileReference section */
		672F39B12044811800780083 /* Util.cpp */ = {isa = PBXFileReference; lastKnownFileType = sourcecode.cpp.cpp; path = Util.cpp; sourceTree = "<group>"; };
		672F39B22044811800780083 /* Util.hpp */ = {isa = PBXFileReference; lastKnownFileType = sourcecode.cpp.h; path = Util.hpp; sourceTree = "<group>"; };
		672F39B42044ACC100780083 /* MetaException.cpp */ = {isa = PBXFileReference; lastKnownFileType = sourcecode.cpp.cpp; path = MetaException.cpp; sourceTree = "<group>"; };
		672F39B52044ACC100780083 /* MetaException.hpp */ = {isa = PBXFileReference; lastKnownFileType = sourcecode.cpp.h; path = MetaException.hpp; sourceTree = "<group>"; };
		67A0308B202D976A0048995D /* xml2xpath */ = {isa = PBXFileReference; explicitFileType = "compiled.mach-o.executable"; includeInIndex = 0; path = xml2xpath; sourceTree = BUILT_PRODUCTS_DIR; };
		67A0308E202D976A0048995D /* main.cpp */ = {isa = PBXFileReference; lastKnownFileType = sourcecode.cpp.cpp; path = main.cpp; sourceTree = "<group>"; };
		67BAC0FD203513E00066E15B /* XmlLexicalParser.cpp */ = {isa = PBXFileReference; lastKnownFileType = sourcecode.cpp.cpp; path = XmlLexicalParser.cpp; sourceTree = "<group>"; };
		67BAC0FE203513E00066E15B /* XmlLexicalParser.hpp */ = {isa = PBXFileReference; lastKnownFileType = sourcecode.cpp.h; path = XmlLexicalParser.hpp; sourceTree = "<group>"; };
/* End PBXFileReference section */

/* Begin PBXFrameworksBuildPhase section */
		67A03088202D976A0048995D /* Frameworks */ = {
			isa = PBXFrameworksBuildPhase;
			buildActionMask = 2147483647;
			files = (
			);
			runOnlyForDeploymentPostprocessing = 0;
		};
/* End PBXFrameworksBuildPhase section */

/* Begin PBXGroup section */
		67A03082202D976A0048995D = {
			isa = PBXGroup;
			children = (
				67A0308D202D976A0048995D /* xml2xpath */,
				67A0308C202D976A0048995D /* Products */,
			);
			sourceTree = "<group>";
		};
		67A0308C202D976A0048995D /* Products */ = {
			isa = PBXGroup;
			children = (
				67A0308B202D976A0048995D /* xml2xpath */,
			);
			name = Products;
			sourceTree = "<group>";
		};
		67A0308D202D976A0048995D /* xml2xpath */ = {
			isa = PBXGroup;
			children = (
				67A0308E202D976A0048995D /* main.cpp */,
				67BAC0FD203513E00066E15B /* XmlLexicalParser.cpp */,
				67BAC0FE203513E00066E15B /* XmlLexicalParser.hpp */,
				672F39B12044811800780083 /* Util.cpp */,
				672F39B22044811800780083 /* Util.hpp */,
				672F39B42044ACC100780083 /* MetaException.cpp */,
				672F39B52044ACC100780083 /* MetaException.hpp */,
			);
			path = xml2xpath;
			sourceTree = "<group>";
		};
/* End PBXGroup section */

/* Begin PBXNativeTarget section */
		67A0308A202D976A0048995D /* xml2xpath */ = {
			isa = PBXNativeTarget;
			buildConfigurationList = 67A03092202D976A0048995D /* Build configuration list for PBXNativeTarget "xml2xpath" */;
			buildPhases = (
				67A03087202D976A0048995D /* Sources */,
				67A03088202D976A0048995D /* Frameworks */,
				67A03089202D976A0048995D /* CopyFiles */,
			);
			buildRules = (
			);
			dependencies = (
			);
			name = xml2xpath;
			productName = xml2xpath;
			productReference = 67A0308B202D976A0048995D /* xml2xpath */;
			productType = "com.apple.product-type.tool";
		};
/* End PBXNativeTarget section */

/* Begin PBXProject section */
		67A03083202D976A0048995D /* Project object */ = {
			isa = PBXProject;
			attributes = {
				LastUpgradeCheck = 0920;
				ORGANIZATIONNAME = "GUSTAVO CAMPOS";
				TargetAttributes = {
					67A0308A202D976A0048995D = {
						CreatedOnToolsVersion = 9.2;
						ProvisioningStyle = Automatic;
					};
				};
			};
			buildConfigurationList = 67A03086202D976A0048995D /* Build configuration list for PBXProject "xml2xpath" */;
			compatibilityVersion = "Xcode 8.0";
			developmentRegion = en;
			hasScannedForEncodings = 0;
			knownRegions = (
				en,
			);
			mainGroup = 67A03082202D976A0048995D;
			productRefGroup = 67A0308C202D976A0048995D /* Products */;
			projectDirPath = "";
			projectRoot = "";
			targets = (
				67A0308A202D976A0048995D /* xml2xpath */,
			);
		};
/* End PBXProject section */

/* Begin PBXSourcesBuildPhase section */
		67A03087202D976A0048995D /* Sources */ = {
			isa = PBXSourcesBuildPhase;
			buildActionMask = 2147483647;
			files = (
				672F39B62044ACC100780083 /* MetaException.cpp in Sources */,
				672F39B32044811800780083 /* Util.cpp in Sources */,
				67A0308F202D976A0048995D /* main.cpp in Sources */,
				67BAC0FF203513E00066E15B /* XmlLexicalParser.cpp in Sources */,
			);
			runOnlyForDeploymentPostprocessing = 0;
		};
/* End PBXSourcesBuildPhase section */

/* Begin XCBuildConfiguration section */
		67A03090202D976A0048995D /* Debug */ = {
			isa = XCBuildConfiguration;
			buildSettings = {
				ALWAYS_SEARCH_USER_PATHS = NO;
				CLANG_ANALYZER_NONNULL = YES;
				CLANG_ANALYZER_NUMBER_OBJECT_CONVERSION = YES_AGGRESSIVE;
				CLANG_CXX_LANGUAGE_STANDARD = "gnu++14";
				CLANG_CXX_LIBRARY = "libc++";
				CLANG_ENABLE_MODULES = YES;
				CLANG_ENABLE_OBJC_ARC = YES;
				CLANG_WARN_BLOCK_CAPTURE_AUTORELEASING = YES;
				CLANG_WARN_BOOL_CONVERSION = YES;
				CLANG_WARN_COMMA = YES;
				CLANG_WARN_CONSTANT_CONVERSION = YES;
				CLANG_WARN_DIRECT_OBJC_ISA_USAGE = YES_ERROR;
				CLANG_WARN_DOCUMENTATION_COMMENTS = YES;
				CLANG_WARN_EMPTY_BODY = YES;
				CLANG_WARN_ENUM_CONVERSION = YES;
				CLANG_WARN_INFINITE_RECURSION = YES;
				CLANG_WARN_INT_CONVERSION = YES;
				CLANG_WARN_NON_LITERAL_NULL_CONVERSION = YES;
				CLANG_WARN_OBJC_LITERAL_CONVERSION = YES;
				CLANG_WARN_OBJC_ROOT_CLASS = YES_ERROR;
				CLANG_WARN_RANGE_LOOP_ANALYSIS = YES;
				CLANG_WARN_STRICT_PROTOTYPES = YES;
				CLANG_WARN_SUSPICIOUS_MOVE = YES;
				CLANG_WARN_UNGUARDED_AVAILABILITY = YES_AGGRESSIVE;
				CLANG_WARN_UNREACHABLE_CODE = YES;
				CLANG_WARN__DUPLICATE_METHOD_MATCH = YES;
				CODE_SIGN_IDENTITY = "-";
				COPY_PHASE_STRIP = NO;
				DEBUG_INFORMATION_FORMAT = dwarf;
				ENABLE_STRICT_OBJC_MSGSEND = YES;
				ENABLE_TESTABILITY = YES;
				GCC_C_LANGUAGE_STANDARD = gnu11;
				GCC_DYNAMIC_NO_PIC = NO;
				GCC_NO_COMMON_BLOCKS = YES;
				GCC_OPTIMIZATION_LEVEL = 0;
				GCC_PREPROCESSOR_DEFINITIONS = (
					"DEBUG=1",
					"$(inherited)",
				);
				GCC_WARN_64_TO_32_BIT_CONVERSION = YES;
				GCC_WARN_ABOUT_RETURN_TYPE = YES_ERROR;
				GCC_WARN_UNDECLARED_SELECTOR = YES;
				GCC_WARN_UNINITIALIZED_AUTOS = YES_AGGRESSIVE;
				GCC_WARN_UNUSED_FUNCTION = YES;
				GCC_WARN_UNUSED_VARIABLE = YES;
				MACOSX_DEPLOYMENT_TARGET = 10.13;
				MTL_ENABLE_DEBUG_INFO = YES;
				ONLY_ACTIVE_ARCH = YES;
				SDKROOT = macosx;
			};
			name = Debug;
		};
		67A03091202D976A0048995D /* Release */ = {
			isa = XCBuildConfiguration;
			buildSettings = {
				ALWAYS_SEARCH_USER_PATHS = NO;
				CLANG_ANALYZER_NONNULL = YES;
				CLANG_ANALYZER_NUMBER_OBJECT_CONVERSION = YES_AGGRESSIVE;
				CLANG_CXX_LANGUAGE_STANDARD = "gnu++14";
				CLANG_CXX_LIBRARY = "libc++";
				CLANG_ENABLE_MODULES = YES;
				CLANG_ENABLE_OBJC_ARC = YES;
				CLANG_WARN_BLOCK_CAPTURE_AUTORELEASING = YES;
				CLANG_WARN_BOOL_CONVERSION = YES;
				CLANG_WARN_COMMA = YES;
				CLANG_WARN_CONSTANT_CONVERSION = YES;
				CLANG_WARN_DIRECT_OBJC_ISA_USAGE = YES_ERROR;
				CLANG_WARN_DOCUMENTATION_COMMENTS = YES;
				CLANG_WARN_EMPTY_BODY = YES;
				CLANG_WARN_ENUM_CONVERSION = YES;
				CLANG_WARN_INFINITE_RECURSION = YES;
				CLANG_WARN_INT_CONVERSION = YES;
				CLANG_WARN_NON_LITERAL_NULL_CONVERSION = YES;
				CLANG_WARN_OBJC_LITERAL_CONVERSION = YES;
				CLANG_WARN_OBJC_ROOT_CLASS = YES_ERROR;
				CLANG_WARN_RANGE_LOOP_ANALYSIS = YES;
				CLANG_WARN_STRICT_PROTOTYPES = YES;
				CLANG_WARN_SUSPICIOUS_MOVE = YES;
				CLANG_WARN_UNGUARDED_AVAILABILITY = YES_AGGRESSIVE;
				CLANG_WARN_UNREACHABLE_CODE = YES;
				CLANG_WARN__DUPLICATE_METHOD_MATCH = YES;
				CODE_SIGN_IDENTITY = "-";
				COPY_PHASE_STRIP = NO;
				DEBUG_INFORMATION_FORMAT = "dwarf-with-dsym";
				ENABLE_NS_ASSERTIONS = NO;
				ENABLE_STRICT_OBJC_MSGSEND = YES;
				GCC_C_LANGUAGE_STANDARD = gnu11;
				GCC_NO_COMMON_BLOCKS = YES;
				GCC_WARN_64_TO_32_BIT_CONVERSION = YES;
				GCC_WARN_ABOUT_RETURN_TYPE = YES_ERROR;
				GCC_WARN_UNDECLARED_SELECTOR = YES;
				GCC_WARN_UNINITIALIZED_AUTOS = YES_AGGRESSIVE;
				GCC_WARN_UNUSED_FUNCTION = YES;
				GCC_WARN_UNUSED_VARIABLE = YES;
				MACOSX_DEPLOYMENT_TARGET = 10.13;
				MTL_ENABLE_DEBUG_INFO = NO;
				SDKROOT = macosx;
			};
			name = Release;
		};
		67A03093202D976A0048995D /* Debug */ = {
			isa = XCBuildConfiguration;
			buildSettings = {
				CODE_SIGN_STYLE = Automatic;
				PRODUCT_NAME = "$(TARGET_NAME)";
			};
			name = Debug;
		};
		67A03094202D976A0048995D /* Release */ = {
			isa = XCBuildConfiguration;
			buildSettings = {
				CODE_SIGN_STYLE = Automatic;
				PRODUCT_NAME = "$(TARGET_NAME)";
			};
			name = Release;
		};
/* End XCBuildConfiguration section */

/* Begin XCConfigurationList section */
		67A03086202D976A0048995D /* Build configuration list for PBXProject "xml2xpath" */ = {
			isa = XCConfigurationList;
			buildConfigurations = (
				67A03090202D976A0048995D /* Debug */,
				67A03091202D976A0048995D /* Release */,
			);
			defaultConfigurationIsVisible = 0;
			defaultConfigurationName = Release;
		};
		67A03092202D976A0048995D /* Build configuration list for PBXNativeTarget "xml2xpath" */ = {
			isa = XCConfigurationList;
			buildConfigurations = (
				67A03093202D976A0048995D /* Debug */,
				67A03094202D976A0048995D /* Release */,
			);
			defaultConfigurationIsVisible = 0;
			defaultConfigurationName = Release;
		};
/* End XCConfigurationList section */
	};
	rootObject = 67A03083202D976A0048995D /* Project object */;
}
